
Microsoft Visual Studio Solution File, Format Version 12.00
# Visual Studio Version 17
VisualStudioVersion = 17.3.32929.385
MinimumVisualStudioVersion = 10.0.40219.1
Project("{FAE04EC0-301F-11D3-BF4B-00C04F79EFBC}") = "WindowsLab", "WindowsLab\WindowsLab.csproj", "{990D90B3-DCCA-4E97-BB59-41BC46EA01E3}"
EndProject
Global
	GlobalSection(SolutionConfigurationPlatforms) = preSolution
		Debug|Any CPU = Debug|Any CPU
		Release|Any CPU = Release|Any CPU
	EndGlobalSection
	GlobalSection(ProjectConfigurationPlatforms) = postSolution
		{990D90B3-DCCA-4E97-BB59-41BC46EA01E3}.Debug|Any CPU.ActiveCfg = Debug|Any CPU
		{990D90B3-DCCA-4E97-BB59-41BC46EA01E3}.Debug|Any CPU.Build.0 = Debug|Any CPU
		{990D90B3-DCCA-4E97-BB59-41BC46EA01E3}.Release|Any CPU.ActiveCfg = Release|Any CPU
		{990D90B3-DCCA-4E97-BB59-41BC46EA01E3}.Release|Any CPU.Build.0 = Release|Any CPU
	EndGlobalSection
	GlobalSection(SolutionProperties) = preSolution
		HideSolutionNode = FALSE
	EndGlobalSection
	GlobalSection(ExtensibilityGlobals) = postSolution
		SolutionGuid = {5A354862-4932-436F-B6EC-F6A97A3B6651}
	EndGlobalSection
EndGlobal
